// !$*UTF8*$!
{
	archiveVersion = 1;
	classes = {
	};
	objectVersion = 50;
	objects = {

/* Begin PBXBuildFile section */
		03918DF3230BA98C00E2D96F /* AppDelegate.swift in Sources */ = {isa = PBXBuildFile; fileRef = 03918DF2230BA98C00E2D96F /* AppDelegate.swift */; };
		03918DF5230BA98C00E2D96F /* ViewController.swift in Sources */ = {isa = PBXBuildFile; fileRef = 03918DF4230BA98C00E2D96F /* ViewController.swift */; };
		03918DF8230BA98C00E2D96F /* Main.storyboard in Resources */ = {isa = PBXBuildFile; fileRef = 03918DF6230BA98C00E2D96F /* Main.storyboard */; };
		03918DFA230BA98E00E2D96F /* Assets.xcassets in Resources */ = {isa = PBXBuildFile; fileRef = 03918DF9230BA98E00E2D96F /* Assets.xcassets */; };
		03918DFD230BA98E00E2D96F /* LaunchScreen.storyboard in Resources */ = {isa = PBXBuildFile; fileRef = 03918DFB230BA98E00E2D96F /* LaunchScreen.storyboard */; };
		03918E06230BAAFC00E2D96F /* LoafBottleData.xcdatamodeld in Sources */ = {isa = PBXBuildFile; fileRef = 03918E04230BAAFC00E2D96F /* LoafBottleData.xcdatamodeld */; };
		03918E08230BACDC00E2D96F /* Merch.swift in Sources */ = {isa = PBXBuildFile; fileRef = 03918E07230BACDC00E2D96F /* Merch.swift */; };
		03918E0A230BAD8100E2D96F /* CoreData+LoafBottleStick.swift in Sources */ = {isa = PBXBuildFile; fileRef = 03918E09230BAD8100E2D96F /* CoreData+LoafBottleStick.swift */; };
		03918E0C230BB19900E2D96F /* RootViewController.swift in Sources */ = {isa = PBXBuildFile; fileRef = 03918E0B230BB19900E2D96F /* RootViewController.swift */; };
		03918E0E230BB2B000E2D96F /* StoryboardInstantiable.swift in Sources */ = {isa = PBXBuildFile; fileRef = 03918E0D230BB2B000E2D96F /* StoryboardInstantiable.swift */; };
		039C93D3230CF5AB00B7FFEE /* MerchTableViewController.swift in Sources */ = {isa = PBXBuildFile; fileRef = 039C93D2230CF5AB00B7FFEE /* MerchTableViewController.swift */; };
		039C93D5230CF66900B7FFEE /* ManagedObject.swift in Sources */ = {isa = PBXBuildFile; fileRef = 039C93D4230CF66900B7FFEE /* ManagedObject.swift */; };
		039C93D8230CFFDD00B7FFEE /* MerchTableCell.swift in Sources */ = {isa = PBXBuildFile; fileRef = 039C93D6230CFFDD00B7FFEE /* MerchTableCell.swift */; };
		039C93D9230CFFDD00B7FFEE /* MerchTableCell.xib in Resources */ = {isa = PBXBuildFile; fileRef = 039C93D7230CFFDD00B7FFEE /* MerchTableCell.xib */; };
		039C93DB230CFFFC00B7FFEE /* Identifier.swift in Sources */ = {isa = PBXBuildFile; fileRef = 039C93DA230CFFFC00B7FFEE /* Identifier.swift */; };
		039C93DD230D019200B7FFEE /* TableViewDataSource.swift in Sources */ = {isa = PBXBuildFile; fileRef = 039C93DC230D019200B7FFEE /* TableViewDataSource.swift */; };
/* End PBXBuildFile section */

/* Begin PBXFileReference section */
		03918DEF230BA98C00E2D96F /* LoafBottleData.app */ = {isa = PBXFileReference; explicitFileType = wrapper.application; includeInIndex = 0; path = LoafBottleData.app; sourceTree = BUILT_PRODUCTS_DIR; };
		03918DF2230BA98C00E2D96F /* AppDelegate.swift */ = {isa = PBXFileReference; lastKnownFileType = sourcecode.swift; path = AppDelegate.swift; sourceTree = "<group>"; };
		03918DF4230BA98C00E2D96F /* ViewController.swift */ = {isa = PBXFileReference; lastKnownFileType = sourcecode.swift; path = ViewController.swift; sourceTree = "<group>"; };
		03918DF7230BA98C00E2D96F /* Base */ = {isa = PBXFileReference; lastKnownFileType = file.storyboard; name = Base; path = Base.lproj/Main.storyboard; sourceTree = "<group>"; };
		03918DF9230BA98E00E2D96F /* Assets.xcassets */ = {isa = PBXFileReference; lastKnownFileType = folder.assetcatalog; path = Assets.xcassets; sourceTree = "<group>"; };
		03918DFC230BA98E00E2D96F /* Base */ = {isa = PBXFileReference; lastKnownFileType = file.storyboard; name = Base; path = Base.lproj/LaunchScreen.storyboard; sourceTree = "<group>"; };
		03918DFE230BA98E00E2D96F /* Info.plist */ = {isa = PBXFileReference; lastKnownFileType = text.plist.xml; path = Info.plist; sourceTree = "<group>"; };
		03918E05230BAAFC00E2D96F /* Merch.xcdatamodel */ = {isa = PBXFileReference; lastKnownFileType = wrapper.xcdatamodel; path = Merch.xcdatamodel; sourceTree = "<group>"; };
		03918E07230BACDC00E2D96F /* Merch.swift */ = {isa = PBXFileReference; lastKnownFileType = sourcecode.swift; path = Merch.swift; sourceTree = "<group>"; };
		03918E09230BAD8100E2D96F /* CoreData+LoafBottleStick.swift */ = {isa = PBXFileReference; lastKnownFileType = sourcecode.swift; path = "CoreData+LoafBottleStick.swift"; sourceTree = "<group>"; };
		03918E0B230BB19900E2D96F /* RootViewController.swift */ = {isa = PBXFileReference; lastKnownFileType = sourcecode.swift; path = RootViewController.swift; sourceTree = "<group>"; };
		03918E0D230BB2B000E2D96F /* StoryboardInstantiable.swift */ = {isa = PBXFileReference; lastKnownFileType = sourcecode.swift; path = StoryboardInstantiable.swift; sourceTree = "<group>"; };
		039C93D2230CF5AB00B7FFEE /* MerchTableViewController.swift */ = {isa = PBXFileReference; lastKnownFileType = sourcecode.swift; path = MerchTableViewController.swift; sourceTree = "<group>"; };
		039C93D4230CF66900B7FFEE /* ManagedObject.swift */ = {isa = PBXFileReference; lastKnownFileType = sourcecode.swift; path = ManagedObject.swift; sourceTree = "<group>"; };
		039C93D6230CFFDD00B7FFEE /* MerchTableCell.swift */ = {isa = PBXFileReference; lastKnownFileType = sourcecode.swift; path = MerchTableCell.swift; sourceTree = "<group>"; };
		039C93D7230CFFDD00B7FFEE /* MerchTableCell.xib */ = {isa = PBXFileReference; lastKnownFileType = file.xib; path = MerchTableCell.xib; sourceTree = "<group>"; };
		039C93DA230CFFFC00B7FFEE /* Identifier.swift */ = {isa = PBXFileReference; lastKnownFileType = sourcecode.swift; path = Identifier.swift; sourceTree = "<group>"; };
		039C93DC230D019200B7FFEE /* TableViewDataSource.swift */ = {isa = PBXFileReference; lastKnownFileType = sourcecode.swift; path = TableViewDataSource.swift; sourceTree = "<group>"; };
/* End PBXFileReference section */

/* Begin PBXFrameworksBuildPhase section */
		03918DEC230BA98C00E2D96F /* Frameworks */ = {
			isa = PBXFrameworksBuildPhase;
			buildActionMask = 2147483647;
			files = (
			);
			runOnlyForDeploymentPostprocessing = 0;
		};
/* End PBXFrameworksBuildPhase section */

/* Begin PBXGroup section */
		03918DE6230BA98C00E2D96F = {
			isa = PBXGroup;
			children = (
				03918DF1230BA98C00E2D96F /* LoafBottleData */,
				03918DF0230BA98C00E2D96F /* Products */,
			);
			sourceTree = "<group>";
		};
		03918DF0230BA98C00E2D96F /* Products */ = {
			isa = PBXGroup;
			children = (
				03918DEF230BA98C00E2D96F /* LoafBottleData.app */,
			);
			name = Products;
			sourceTree = "<group>";
		};
		03918DF1230BA98C00E2D96F /* LoafBottleData */ = {
			isa = PBXGroup;
			children = (
				03918DF2230BA98C00E2D96F /* AppDelegate.swift */,
				03918E09230BAD8100E2D96F /* CoreData+LoafBottleStick.swift */,
				03918DF4230BA98C00E2D96F /* ViewController.swift */,
				03918E04230BAAFC00E2D96F /* LoafBottleData.xcdatamodeld */,
				03918E07230BACDC00E2D96F /* Merch.swift */,
				03918DF6230BA98C00E2D96F /* Main.storyboard */,
				03918E0B230BB19900E2D96F /* RootViewController.swift */,
				039C93D2230CF5AB00B7FFEE /* MerchTableViewController.swift */,
				039C93D6230CFFDD00B7FFEE /* MerchTableCell.swift */,
				039C93D7230CFFDD00B7FFEE /* MerchTableCell.xib */,
				039C93DC230D019200B7FFEE /* TableViewDataSource.swift */,
				03918E0D230BB2B000E2D96F /* StoryboardInstantiable.swift */,
				039C93DA230CFFFC00B7FFEE /* Identifier.swift */,
				039C93D4230CF66900B7FFEE /* ManagedObject.swift */,
				03918DF9230BA98E00E2D96F /* Assets.xcassets */,
				03918DFB230BA98E00E2D96F /* LaunchScreen.storyboard */,
				03918DFE230BA98E00E2D96F /* Info.plist */,
			);
			path = LoafBottleData;
			sourceTree = "<group>";
		};
/* End PBXGroup section */

/* Begin PBXNativeTarget section */
		03918DEE230BA98C00E2D96F /* LoafBottleData */ = {
			isa = PBXNativeTarget;
			buildConfigurationList = 03918E01230BA98E00E2D96F /* Build configuration list for PBXNativeTarget "LoafBottleData" */;
			buildPhases = (
				03918DEB230BA98C00E2D96F /* Sources */,
				03918DEC230BA98C00E2D96F /* Frameworks */,
				03918DED230BA98C00E2D96F /* Resources */,
			);
			buildRules = (
			);
			dependencies = (
			);
			name = LoafBottleData;
			productName = LoafBottleData;
			productReference = 03918DEF230BA98C00E2D96F /* LoafBottleData.app */;
			productType = "com.apple.product-type.application";
		};
/* End PBXNativeTarget section */

/* Begin PBXProject section */
		03918DE7230BA98C00E2D96F /* Project object */ = {
			isa = PBXProject;
			attributes = {
				LastSwiftUpdateCheck = 1030;
				LastUpgradeCheck = 1030;
				ORGANIZATIONNAME = "Wool Sweater Soft";
				TargetAttributes = {
					03918DEE230BA98C00E2D96F = {
						CreatedOnToolsVersion = 10.3;
					};
				};
			};
			buildConfigurationList = 03918DEA230BA98C00E2D96F /* Build configuration list for PBXProject "LoafBottleData" */;
			compatibilityVersion = "Xcode 9.3";
			developmentRegion = en;
			hasScannedForEncodings = 0;
			knownRegions = (
				en,
				Base,
			);
			mainGroup = 03918DE6230BA98C00E2D96F;
			productRefGroup = 03918DF0230BA98C00E2D96F /* Products */;
			projectDirPath = "";
			projectRoot = "";
			targets = (
				03918DEE230BA98C00E2D96F /* LoafBottleData */,
			);
		};
/* End PBXProject section */

/* Begin PBXResourcesBuildPhase section */
		03918DED230BA98C00E2D96F /* Resources */ = {
			isa = PBXResourcesBuildPhase;
			buildActionMask = 2147483647;
			files = (
				03918DFD230BA98E00E2D96F /* LaunchScreen.storyboard in Resources */,
				03918DFA230BA98E00E2D96F /* Assets.xcassets in Resources */,
				039C93D9230CFFDD00B7FFEE /* MerchTableCell.xib in Resources */,
				03918DF8230BA98C00E2D96F /* Main.storyboard in Resources */,
			);
			runOnlyForDeploymentPostprocessing = 0;
		};
/* End PBXResourcesBuildPhase section */

/* Begin PBXSourcesBuildPhase section */
		03918DEB230BA98C00E2D96F /* Sources */ = {
			isa = PBXSourcesBuildPhase;
			buildActionMask = 2147483647;
			files = (
				03918E06230BAAFC00E2D96F /* LoafBottleData.xcdatamodeld in Sources */,
				03918E0E230BB2B000E2D96F /* StoryboardInstantiable.swift in Sources */,
				03918E08230BACDC00E2D96F /* Merch.swift in Sources */,
				03918E0C230BB19900E2D96F /* RootViewController.swift in Sources */,
				039C93DB230CFFFC00B7FFEE /* Identifier.swift in Sources */,
				03918DF5230BA98C00E2D96F /* ViewController.swift in Sources */,
				03918DF3230BA98C00E2D96F /* AppDelegate.swift in Sources */,
				039C93D8230CFFDD00B7FFEE /* MerchTableCell.swift in Sources */,
				03918E0A230BAD8100E2D96F /* CoreData+LoafBottleStick.swift in Sources */,
				039C93D3230CF5AB00B7FFEE /* MerchTableViewController.swift in Sources */,
				039C93DD230D019200B7FFEE /* TableViewDataSource.swift in Sources */,
				039C93D5230CF66900B7FFEE /* ManagedObject.swift in Sources */,
			);
			runOnlyForDeploymentPostprocessing = 0;
		};
/* End PBXSourcesBuildPhase section */

/* Begin PBXVariantGroup section */
		03918DF6230BA98C00E2D96F /* Main.storyboard */ = {
			isa = PBXVariantGroup;
			children = (
				03918DF7230BA98C00E2D96F /* Base */,
			);
			name = Main.storyboard;
			sourceTree = "<group>";
		};
		03918DFB230BA98E00E2D96F /* LaunchScreen.storyboard */ = {
			isa = PBXVariantGroup;
			children = (
				03918DFC230BA98E00E2D96F /* Base */,
			);
			name = LaunchScreen.storyboard;
			sourceTree = "<group>";
		};
/* End PBXVariantGroup section */

/* Begin XCBuildConfiguration section */
		03918DFF230BA98E00E2D96F /* Debug */ = {
			isa = XCBuildConfiguration;
			buildSettings = {
				ALWAYS_SEARCH_USER_PATHS = NO;
				CLANG_ANALYZER_NONNULL = YES;
				CLANG_ANALYZER_NUMBER_OBJECT_CONVERSION = YES_AGGRESSIVE;
				CLANG_CXX_LANGUAGE_STANDARD = "gnu++14";
				CLANG_CXX_LIBRARY = "libc++";
				CLANG_ENABLE_MODULES = YES;
				CLANG_ENABLE_OBJC_ARC = YES;
				CLANG_ENABLE_OBJC_WEAK = YES;
				CLANG_WARN_BLOCK_CAPTURE_AUTORELEASING = YES;
				CLANG_WARN_BOOL_CONVERSION = YES;
				CLANG_WARN_COMMA = YES;
				CLANG_WARN_CONSTANT_CONVERSION = YES;
				CLANG_WARN_DEPRECATED_OBJC_IMPLEMENTATIONS = YES;
				CLANG_WARN_DIRECT_OBJC_ISA_USAGE = YES_ERROR;
				CLANG_WARN_DOCUMENTATION_COMMENTS = YES;
				CLANG_WARN_EMPTY_BODY = YES;
				CLANG_WARN_ENUM_CONVERSION = YES;
				CLANG_WARN_INFINITE_RECURSION = YES;
				CLANG_WARN_INT_CONVERSION = YES;
				CLANG_WARN_NON_LITERAL_NULL_CONVERSION = YES;
				CLANG_WARN_OBJC_IMPLICIT_RETAIN_SELF = YES;
				CLANG_WARN_OBJC_LITERAL_CONVERSION = YES;
				CLANG_WARN_OBJC_ROOT_CLASS = YES_ERROR;
				CLANG_WARN_RANGE_LOOP_ANALYSIS = YES;
				CLANG_WARN_STRICT_PROTOTYPES = YES;
				CLANG_WARN_SUSPICIOUS_MOVE = YES;
				CLANG_WARN_UNGUARDED_AVAILABILITY = YES_AGGRESSIVE;
				CLANG_WARN_UNREACHABLE_CODE = YES;
				CLANG_WARN__DUPLICATE_METHOD_MATCH = YES;
				CODE_SIGN_IDENTITY = "iPhone Developer";
				COPY_PHASE_STRIP = NO;
				DEBUG_INFORMATION_FORMAT = dwarf;
				ENABLE_STRICT_OBJC_MSGSEND = YES;
				ENABLE_TESTABILITY = YES;
				GCC_C_LANGUAGE_STANDARD = gnu11;
				GCC_DYNAMIC_NO_PIC = NO;
				GCC_NO_COMMON_BLOCKS = YES;
				GCC_OPTIMIZATION_LEVEL = 0;
				GCC_PREPROCESSOR_DEFINITIONS = (
					"DEBUG=1",
					"$(inherited)",
				);
				GCC_WARN_64_TO_32_BIT_CONVERSION = YES;
				GCC_WARN_ABOUT_RETURN_TYPE = YES_ERROR;
				GCC_WARN_UNDECLARED_SELECTOR = YES;
				GCC_WARN_UNINITIALIZED_AUTOS = YES_AGGRESSIVE;
				GCC_WARN_UNUSED_FUNCTION = YES;
				GCC_WARN_UNUSED_VARIABLE = YES;
				IPHONEOS_DEPLOYMENT_TARGET = 12.4;
				MTL_ENABLE_DEBUG_INFO = INCLUDE_SOURCE;
				MTL_FAST_MATH = YES;
				ONLY_ACTIVE_ARCH = YES;
				SDKROOT = iphoneos;
				SWIFT_ACTIVE_COMPILATION_CONDITIONS = DEBUG;
				SWIFT_OPTIMIZATION_LEVEL = "-Onone";
			};
			name = Debug;
		};
		03918E00230BA98E00E2D96F /* Release */ = {
			isa = XCBuildConfiguration;
			buildSettings = {
				ALWAYS_SEARCH_USER_PATHS = NO;
				CLANG_ANALYZER_NONNULL = YES;
				CLANG_ANALYZER_NUMBER_OBJECT_CONVERSION = YES_AGGRESSIVE;
				CLANG_CXX_LANGUAGE_STANDARD = "gnu++14";
				CLANG_CXX_LIBRARY = "libc++";
				CLANG_ENABLE_MODULES = YES;
				CLANG_ENABLE_OBJC_ARC = YES;
				CLANG_ENABLE_OBJC_WEAK = YES;
				CLANG_WARN_BLOCK_CAPTURE_AUTORELEASING = YES;
				CLANG_WARN_BOOL_CONVERSION = YES;
				CLANG_WARN_COMMA = YES;
				CLANG_WARN_CONSTANT_CONVERSION = YES;
				CLANG_WARN_DEPRECATED_OBJC_IMPLEMENTATIONS = YES;
				CLANG_WARN_DIRECT_OBJC_ISA_USAGE = YES_ERROR;
				CLANG_WARN_DOCUMENTATION_COMMENTS = YES;
				CLANG_WARN_EMPTY_BODY = YES;
				CLANG_WARN_ENUM_CONVERSION = YES;
				CLANG_WARN_INFINITE_RECURSION = YES;
				CLANG_WARN_INT_CONVERSION = YES;
				CLANG_WARN_NON_LITERAL_NULL_CONVERSION = YES;
				CLANG_WARN_OBJC_IMPLICIT_RETAIN_SELF = YES;
				CLANG_WARN_OBJC_LITERAL_CONVERSION = YES;
				CLANG_WARN_OBJC_ROOT_CLASS = YES_ERROR;
				CLANG_WARN_RANGE_LOOP_ANALYSIS = YES;
				CLANG_WARN_STRICT_PROTOTYPES = YES;
				CLANG_WARN_SUSPICIOUS_MOVE = YES;
				CLANG_WARN_UNGUARDED_AVAILABILITY = YES_AGGRESSIVE;
				CLANG_WARN_UNREACHABLE_CODE = YES;
				CLANG_WARN__DUPLICATE_METHOD_MATCH = YES;
				CODE_SIGN_IDENTITY = "iPhone Developer";
				COPY_PHASE_STRIP = NO;
				DEBUG_INFORMATION_FORMAT = "dwarf-with-dsym";
				ENABLE_NS_ASSERTIONS = NO;
				ENABLE_STRICT_OBJC_MSGSEND = YES;
				GCC_C_LANGUAGE_STANDARD = gnu11;
				GCC_NO_COMMON_BLOCKS = YES;
				GCC_WARN_64_TO_32_BIT_CONVERSION = YES;
				GCC_WARN_ABOUT_RETURN_TYPE = YES_ERROR;
				GCC_WARN_UNDECLARED_SELECTOR = YES;
				GCC_WARN_UNINITIALIZED_AUTOS = YES_AGGRESSIVE;
				GCC_WARN_UNUSED_FUNCTION = YES;
				GCC_WARN_UNUSED_VARIABLE = YES;
				IPHONEOS_DEPLOYMENT_TARGET = 12.4;
				MTL_ENABLE_DEBUG_INFO = NO;
				MTL_FAST_MATH = YES;
				SDKROOT = iphoneos;
				SWIFT_COMPILATION_MODE = wholemodule;
				SWIFT_OPTIMIZATION_LEVEL = "-O";
				VALIDATE_PRODUCT = YES;
			};
			name = Release;
		};
		03918E02230BA98E00E2D96F /* Debug */ = {
			isa = XCBuildConfiguration;
			buildSettings = {
				ASSETCATALOG_COMPILER_APPICON_NAME = AppIcon;
				CODE_SIGN_STYLE = Automatic;
				DEVELOPMENT_TEAM = F655DJ76U3;
				INFOPLIST_FILE = LoafBottleData/Info.plist;
				LD_RUNPATH_SEARCH_PATHS = (
					"$(inherited)",
					"@executable_path/Frameworks",
				);
				PRODUCT_BUNDLE_IDENTIFIER = com.woolsweatersoft.LoafBottleData;
				PRODUCT_NAME = "$(TARGET_NAME)";
				SWIFT_VERSION = 5.0;
				TARGETED_DEVICE_FAMILY = "1,2";
			};
			name = Debug;
		};
		03918E03230BA98E00E2D96F /* Release */ = {
			isa = XCBuildConfiguration;
			buildSettings = {
				ASSETCATALOG_COMPILER_APPICON_NAME = AppIcon;
				CODE_SIGN_STYLE = Automatic;
				DEVELOPMENT_TEAM = F655DJ76U3;
				INFOPLIST_FILE = LoafBottleData/Info.plist;
				LD_RUNPATH_SEARCH_PATHS = (
					"$(inherited)",
					"@executable_path/Frameworks",
				);
				PRODUCT_BUNDLE_IDENTIFIER = com.woolsweatersoft.LoafBottleData;
				PRODUCT_NAME = "$(TARGET_NAME)";
				SWIFT_VERSION = 5.0;
				TARGETED_DEVICE_FAMILY = "1,2";
			};
			name = Release;
		};
/* End XCBuildConfiguration section */

/* Begin XCConfigurationList section */
		03918DEA230BA98C00E2D96F /* Build configuration list for PBXProject "LoafBottleData" */ = {
			isa = XCConfigurationList;
			buildConfigurations = (
				03918DFF230BA98E00E2D96F /* Debug */,
				03918E00230BA98E00E2D96F /* Release */,
			);
			defaultConfigurationIsVisible = 0;
			defaultConfigurationName = Release;
		};
		03918E01230BA98E00E2D96F /* Build configuration list for PBXNativeTarget "LoafBottleData" */ = {
			isa = XCConfigurationList;
			buildConfigurations = (
				03918E02230BA98E00E2D96F /* Debug */,
				03918E03230BA98E00E2D96F /* Release */,
			);
			defaultConfigurationIsVisible = 0;
			defaultConfigurationName = Release;
		};
/* End XCConfigurationList section */

/* Begin XCVersionGroup section */
		03918E04230BAAFC00E2D96F /* LoafBottleData.xcdatamodeld */ = {
			isa = XCVersionGroup;
			children = (
				03918E05230BAAFC00E2D96F /* Merch.xcdatamodel */,
			);
			currentVersion = 03918E05230BAAFC00E2D96F /* Merch.xcdatamodel */;
			path = LoafBottleData.xcdatamodeld;
			sourceTree = "<group>";
			versionGroupType = wrapper.xcdatamodel;
		};
/* End XCVersionGroup section */
	};
	rootObject = 03918DE7230BA98C00E2D96F /* Project object */;
}
